
Microsoft Visual Studio Solution File, Format Version 12.00
# Visual Studio Version 16
VisualStudioVersion = 16.0.32602.291
MinimumVisualStudioVersion = 10.0.40219.1
Project("{FAE04EC0-301F-11D3-BF4B-00C04F79EFBC}") = "ChatFileShare", "ChatFileShare.csproj", "{72A9C494-0CC0-48F4-B699-3D88C555D570}"
EndProject
Global
	GlobalSection(SolutionConfigurationPlatforms) = preSolution
		Debug|Any CPU = Debug|Any CPU
		Release|Any CPU = Release|Any CPU
	EndGlobalSection
	GlobalSection(ProjectConfigurationPlatforms) = postSolution
		{72A9C494-0CC0-48F4-B699-3D88C555D570}.Debug|Any CPU.ActiveCfg = Debug|Any CPU
		{72A9C494-0CC0-48F4-B699-3D88C555D570}.Debug|Any CPU.Build.0 = Debug|Any CPU
		{72A9C494-0CC0-48F4-B699-3D88C555D570}.Release|Any CPU.ActiveCfg = Release|Any CPU
		{72A9C494-0CC0-48F4-B699-3D88C555D570}.Release|Any CPU.Build.0 = Release|Any CPU
	EndGlobalSection
	GlobalSection(SolutionProperties) = preSolution
		HideSolutionNode = FALSE
	EndGlobalSection
	GlobalSection(ExtensibilityGlobals) = postSolution
		SolutionGuid = {3BEE348A-E19F-41EA-AC4E-E3D03DB3BEAE}
	EndGlobalSection
EndGlobal
